
Microsoft Visual Studio Solution File, Format Version 12.00
# Visual Studio Version 17
VisualStudioVersion = 17.1.31911.260
MinimumVisualStudioVersion = 10.0.40219.1
Project("{FAE04EC0-301F-11D3-BF4B-00C04F79EFBC}") = "NumberApp", "NumberApp.csproj", "{20FD39FD-A062-46D1-8B01-3D81E937F255}"
EndProject
Global
	GlobalSection(SolutionConfigurationPlatforms) = preSolution
		Debug|Any CPU = Debug|Any CPU
		Release|Any CPU = Release|Any CPU
	EndGlobalSection
	GlobalSection(ProjectConfigurationPlatforms) = postSolution
		{20FD39FD-A062-46D1-8B01-3D81E937F255}.Debug|Any CPU.ActiveCfg = Debug|Any CPU
		{20FD39FD-A062-46D1-8B01-3D81E937F255}.Debug|Any CPU.Build.0 = Debug|Any CPU
		{20FD39FD-A062-46D1-8B01-3D81E937F255}.Release|Any CPU.ActiveCfg = Release|Any CPU
		{20FD39FD-A062-46D1-8B01-3D81E937F255}.Release|Any CPU.Build.0 = Release|Any CPU
	EndGlobalSection
	GlobalSection(SolutionProperties) = preSolution
		HideSolutionNode = FALSE
	EndGlobalSection
	GlobalSection(ExtensibilityGlobals) = postSolution
		SolutionGuid = {74D9DF4F-5979-47F1-814D-FD93EC24D1F6}
	EndGlobalSection
EndGlobal
